// !$*UTF8*$!
{
	archiveVersion = 1;
	classes = {
	};
	objectVersion = 46;
	objects = {

/* Begin PBXBuildFile section */
		3121A45116497CD400F6E512 /* ViewController.xib in Resources */ = {isa = PBXBuildFile; fileRef = 3121A45016497CD400F6E512 /* ViewController.xib */; };
		313D7BE81652B81C0084C9A4 /* ClassicViewController.m in Sources */ = {isa = PBXBuildFile; fileRef = 313D7BE51652B81C0084C9A4 /* ClassicViewController.m */; };
		313D7BE91652B81C0084C9A4 /* SpeedViewController.m in Sources */ = {isa = PBXBuildFile; fileRef = 313D7BE71652B81C0084C9A4 /* SpeedViewController.m */; };
		313D7BED1652B8310084C9A4 /* ClassicViewController.xib in Resources */ = {isa = PBXBuildFile; fileRef = 313D7BEB1652B8310084C9A4 /* ClassicViewController.xib */; };
		313D7BEE1652B8310084C9A4 /* SpeedViewController.xib in Resources */ = {isa = PBXBuildFile; fileRef = 313D7BEC1652B8310084C9A4 /* SpeedViewController.xib */; };
		31D5D6BF164728CE008393C2 /* UIKit.framework in Frameworks */ = {isa = PBXBuildFile; fileRef = 31D5D6BE164728CE008393C2 /* UIKit.framework */; };
		31D5D6C1164728CE008393C2 /* Foundation.framework in Frameworks */ = {isa = PBXBuildFile; fileRef = 31D5D6C0164728CE008393C2 /* Foundation.framework */; };
		31D5D6C3164728CE008393C2 /* CoreGraphics.framework in Frameworks */ = {isa = PBXBuildFile; fileRef = 31D5D6C2164728CE008393C2 /* CoreGraphics.framework */; };
		31D5D6F516472969008393C2 /* AppDelegate.m in Sources */ = {isa = PBXBuildFile; fileRef = 31D5D6E416472969008393C2 /* AppDelegate.m */; };
		31D5D6F716472969008393C2 /* ViewController.m in Sources */ = {isa = PBXBuildFile; fileRef = 31D5D6E916472969008393C2 /* ViewController.m */; };
		31D5D6F816472969008393C2 /* Default-568h@2x.png in Resources */ = {isa = PBXBuildFile; fileRef = 31D5D6EB16472969008393C2 /* Default-568h@2x.png */; };
		31D5D6F916472969008393C2 /* Default.png in Resources */ = {isa = PBXBuildFile; fileRef = 31D5D6EC16472969008393C2 /* Default.png */; };
		31D5D6FA16472969008393C2 /* Default@2x.png in Resources */ = {isa = PBXBuildFile; fileRef = 31D5D6ED16472969008393C2 /* Default@2x.png */; };
		31D5D6FB16472969008393C2 /* InfoPlist.strings in Resources */ = {isa = PBXBuildFile; fileRef = 31D5D6EE16472969008393C2 /* InfoPlist.strings */; };
		31D5D6FC16472969008393C2 /* main.m in Sources */ = {isa = PBXBuildFile; fileRef = 31D5D6EF16472969008393C2 /* main.m */; };
		31F72A82164E156000F623DF /* classic.png in Resources */ = {isa = PBXBuildFile; fileRef = 31F72A7C164E156000F623DF /* classic.png */; };
		31F72A83164E156000F623DF /* classicclick.png in Resources */ = {isa = PBXBuildFile; fileRef = 31F72A7D164E156000F623DF /* classicclick.png */; };
		31F72A84164E156000F623DF /* smarts.png in Resources */ = {isa = PBXBuildFile; fileRef = 31F72A7E164E156000F623DF /* smarts.png */; };
		31F72A85164E156000F623DF /* smartsclick.png in Resources */ = {isa = PBXBuildFile; fileRef = 31F72A7F164E156000F623DF /* smartsclick.png */; };
		31F72A86164E156000F623DF /* speed.png in Resources */ = {isa = PBXBuildFile; fileRef = 31F72A80164E156000F623DF /* speed.png */; };
		31F72A87164E156000F623DF /* speedclick.psd in Resources */ = {isa = PBXBuildFile; fileRef = 31F72A81164E156000F623DF /* speedclick.psd */; };
		31F72A89164E15F300F623DF /* speedclick.png in Resources */ = {isa = PBXBuildFile; fileRef = 31F72A88164E15F300F623DF /* speedclick.png */; };
		31F72A8B164E178400F623DF /* tapout.png in Resources */ = {isa = PBXBuildFile; fileRef = 31F72A8A164E178400F623DF /* tapout.png */; };
		31F72A8E164E267D00F623DF /* blue.png in Resources */ = {isa = PBXBuildFile; fileRef = 31F72A8C164E267D00F623DF /* blue.png */; };
		31F72A8F164E267D00F623DF /* blueselect.png in Resources */ = {isa = PBXBuildFile; fileRef = 31F72A8D164E267D00F623DF /* blueselect.png */; };
		31F72A92164E275200F623DF /* red.png in Resources */ = {isa = PBXBuildFile; fileRef = 31F72A90164E275200F623DF /* red.png */; };
		31F72A93164E275200F623DF /* redselect.png in Resources */ = {isa = PBXBuildFile; fileRef = 31F72A91164E275200F623DF /* redselect.png */; };
		31F72A98164E283D00F623DF /* green.png in Resources */ = {isa = PBXBuildFile; fileRef = 31F72A94164E283C00F623DF /* green.png */; };
		31F72A99164E283D00F623DF /* greenselect.png in Resources */ = {isa = PBXBuildFile; fileRef = 31F72A95164E283C00F623DF /* greenselect.png */; };
		31F72A9A164E283D00F623DF /* orange.png in Resources */ = {isa = PBXBuildFile; fileRef = 31F72A96164E283C00F623DF /* orange.png */; };
		31F72A9B164E283D00F623DF /* orangeselect.png in Resources */ = {isa = PBXBuildFile; fileRef = 31F72A97164E283D00F623DF /* orangeselect.png */; };
		31F72A9E164E2BFD00F623DF /* yellow.png in Resources */ = {isa = PBXBuildFile; fileRef = 31F72A9C164E2BFD00F623DF /* yellow.png */; };
		31F72A9F164E2BFD00F623DF /* yellowselect.png in Resources */ = {isa = PBXBuildFile; fileRef = 31F72A9D164E2BFD00F623DF /* yellowselect.png */; };
		31F72AA1164E323600F623DF /* QuartzCore.framework in Frameworks */ = {isa = PBXBuildFile; fileRef = 31F72AA0164E323600F623DF /* QuartzCore.framework */; };
/* End PBXBuildFile section */

/* Begin PBXFileReference section */
		3121A45016497CD400F6E512 /* ViewController.xib */ = {isa = PBXFileReference; fileEncoding = 4; lastKnownFileType = file.xib; path = ViewController.xib; sourceTree = "<group>"; };
		313D7BE41652B81C0084C9A4 /* ClassicViewController.h */ = {isa = PBXFileReference; fileEncoding = 4; lastKnownFileType = sourcecode.c.h; path = ClassicViewController.h; sourceTree = "<group>"; };
		313D7BE51652B81C0084C9A4 /* ClassicViewController.m */ = {isa = PBXFileReference; fileEncoding = 4; lastKnownFileType = sourcecode.c.objc; path = ClassicViewController.m; sourceTree = "<group>"; };
		313D7BE61652B81C0084C9A4 /* SpeedViewController.h */ = {isa = PBXFileReference; fileEncoding = 4; lastKnownFileType = sourcecode.c.h; path = SpeedViewController.h; sourceTree = "<group>"; };
		313D7BE71652B81C0084C9A4 /* SpeedViewController.m */ = {isa = PBXFileReference; fileEncoding = 4; lastKnownFileType = sourcecode.c.objc; path = SpeedViewController.m; sourceTree = "<group>"; };
		313D7BEB1652B8310084C9A4 /* ClassicViewController.xib */ = {isa = PBXFileReference; fileEncoding = 4; lastKnownFileType = file.xib; path = ClassicViewController.xib; sourceTree = "<group>"; };
		313D7BEC1652B8310084C9A4 /* SpeedViewController.xib */ = {isa = PBXFileReference; fileEncoding = 4; lastKnownFileType = file.xib; path = SpeedViewController.xib; sourceTree = "<group>"; };
		31D5D6BA164728CE008393C2 /* TapOut.app */ = {isa = PBXFileReference; explicitFileType = wrapper.application; includeInIndex = 0; path = TapOut.app; sourceTree = BUILT_PRODUCTS_DIR; };
		31D5D6BE164728CE008393C2 /* UIKit.framework */ = {isa = PBXFileReference; lastKnownFileType = wrapper.framework; name = UIKit.framework; path = System/Library/Frameworks/UIKit.framework; sourceTree = SDKROOT; };
		31D5D6C0164728CE008393C2 /* Foundation.framework */ = {isa = PBXFileReference; lastKnownFileType = wrapper.framework; name = Foundation.framework; path = System/Library/Frameworks/Foundation.framework; sourceTree = SDKROOT; };
		31D5D6C2164728CE008393C2 /* CoreGraphics.framework */ = {isa = PBXFileReference; lastKnownFileType = wrapper.framework; name = CoreGraphics.framework; path = System/Library/Frameworks/CoreGraphics.framework; sourceTree = SDKROOT; };
		31D5D6E316472969008393C2 /* AppDelegate.h */ = {isa = PBXFileReference; fileEncoding = 4; lastKnownFileType = sourcecode.c.h; path = AppDelegate.h; sourceTree = "<group>"; };
		31D5D6E416472969008393C2 /* AppDelegate.m */ = {isa = PBXFileReference; fileEncoding = 4; lastKnownFileType = sourcecode.c.objc; path = AppDelegate.m; sourceTree = "<group>"; };
		31D5D6E816472969008393C2 /* ViewController.h */ = {isa = PBXFileReference; fileEncoding = 4; lastKnownFileType = sourcecode.c.h; path = ViewController.h; sourceTree = "<group>"; };
		31D5D6E916472969008393C2 /* ViewController.m */ = {isa = PBXFileReference; fileEncoding = 4; lastKnownFileType = sourcecode.c.objc; path = ViewController.m; sourceTree = "<group>"; };
		31D5D6EB16472969008393C2 /* Default-568h@2x.png */ = {isa = PBXFileReference; lastKnownFileType = image.png; path = "Default-568h@2x.png"; sourceTree = "<group>"; };
		31D5D6EC16472969008393C2 /* Default.png */ = {isa = PBXFileReference; lastKnownFileType = image.png; path = Default.png; sourceTree = "<group>"; };
		31D5D6ED16472969008393C2 /* Default@2x.png */ = {isa = PBXFileReference; lastKnownFileType = image.png; path = "Default@2x.png"; sourceTree = "<group>"; };
		31D5D6EE16472969008393C2 /* InfoPlist.strings */ = {isa = PBXFileReference; fileEncoding = 4; lastKnownFileType = text.plist.strings; path = InfoPlist.strings; sourceTree = "<group>"; };
		31D5D6EF16472969008393C2 /* main.m */ = {isa = PBXFileReference; fileEncoding = 4; lastKnownFileType = sourcecode.c.objc; path = main.m; sourceTree = "<group>"; };
		31D5D6F016472969008393C2 /* TapOut-Info.plist */ = {isa = PBXFileReference; fileEncoding = 4; lastKnownFileType = text.plist.xml; path = "TapOut-Info.plist"; sourceTree = "<group>"; };
		31D5D6F116472969008393C2 /* TapOut-Prefix.pch */ = {isa = PBXFileReference; fileEncoding = 4; lastKnownFileType = sourcecode.c.h; path = "TapOut-Prefix.pch"; sourceTree = "<group>"; };
		31D5D70116472A17008393C2 /* Memory.h */ = {isa = PBXFileReference; lastKnownFileType = sourcecode.c.h; path = Memory.h; sourceTree = "<group>"; };
		31D5D70216472A17008393C2 /* Memory.m */ = {isa = PBXFileReference; lastKnownFileType = sourcecode.c.objc; path = Memory.m; sourceTree = "<group>"; };
		31F72A7C164E156000F623DF /* classic.png */ = {isa = PBXFileReference; lastKnownFileType = image.png; path = classic.png; sourceTree = "<group>"; };
		31F72A7D164E156000F623DF /* classicclick.png */ = {isa = PBXFileReference; lastKnownFileType = image.png; path = classicclick.png; sourceTree = "<group>"; };
		31F72A7E164E156000F623DF /* smarts.png */ = {isa = PBXFileReference; lastKnownFileType = image.png; path = smarts.png; sourceTree = "<group>"; };
		31F72A7F164E156000F623DF /* smartsclick.png */ = {isa = PBXFileReference; lastKnownFileType = image.png; path = smartsclick.png; sourceTree = "<group>"; };
		31F72A80164E156000F623DF /* speed.png */ = {isa = PBXFileReference; lastKnownFileType = image.png; path = speed.png; sourceTree = "<group>"; };
		31F72A81164E156000F623DF /* speedclick.psd */ = {isa = PBXFileReference; lastKnownFileType = file; path = speedclick.psd; sourceTree = "<group>"; };
		31F72A88164E15F300F623DF /* speedclick.png */ = {isa = PBXFileReference; lastKnownFileType = image.png; path = speedclick.png; sourceTree = "<group>"; };
		31F72A8A164E178400F623DF /* tapout.png */ = {isa = PBXFileReference; lastKnownFileType = image.png; path = tapout.png; sourceTree = "<group>"; };
		31F72A8C164E267D00F623DF /* blue.png */ = {isa = PBXFileReference; lastKnownFileType = image.png; path = blue.png; sourceTree = "<group>"; };
		31F72A8D164E267D00F623DF /* blueselect.png */ = {isa = PBXFileReference; lastKnownFileType = image.png; path = blueselect.png; sourceTree = "<group>"; };
		31F72A90164E275200F623DF /* red.png */ = {isa = PBXFileReference; lastKnownFileType = image.png; path = red.png; sourceTree = "<group>"; };
		31F72A91164E275200F623DF /* redselect.png */ = {isa = PBXFileReference; lastKnownFileType = image.png; path = redselect.png; sourceTree = "<group>"; };
		31F72A94164E283C00F623DF /* green.png */ = {isa = PBXFileReference; lastKnownFileType = image.png; path = green.png; sourceTree = "<group>"; };
		31F72A95164E283C00F623DF /* greenselect.png */ = {isa = PBXFileReference; lastKnownFileType = image.png; path = greenselect.png; sourceTree = "<group>"; };
		31F72A96164E283C00F623DF /* orange.png */ = {isa = PBXFileReference; lastKnownFileType = image.png; path = orange.png; sourceTree = "<group>"; };
		31F72A97164E283D00F623DF /* orangeselect.png */ = {isa = PBXFileReference; lastKnownFileType = image.png; path = orangeselect.png; sourceTree = "<group>"; };
		31F72A9C164E2BFD00F623DF /* yellow.png */ = {isa = PBXFileReference; lastKnownFileType = image.png; path = yellow.png; sourceTree = "<group>"; };
		31F72A9D164E2BFD00F623DF /* yellowselect.png */ = {isa = PBXFileReference; lastKnownFileType = image.png; path = yellowselect.png; sourceTree = "<group>"; };
		31F72AA0164E323600F623DF /* QuartzCore.framework */ = {isa = PBXFileReference; lastKnownFileType = wrapper.framework; name = QuartzCore.framework; path = System/Library/Frameworks/QuartzCore.framework; sourceTree = SDKROOT; };
/* End PBXFileReference section */

/* Begin PBXFrameworksBuildPhase section */
		31D5D6B7164728CE008393C2 /* Frameworks */ = {
			isa = PBXFrameworksBuildPhase;
			buildActionMask = 2147483647;
			files = (
				31F72AA1164E323600F623DF /* QuartzCore.framework in Frameworks */,
				31D5D6BF164728CE008393C2 /* UIKit.framework in Frameworks */,
				31D5D6C1164728CE008393C2 /* Foundation.framework in Frameworks */,
				31D5D6C3164728CE008393C2 /* CoreGraphics.framework in Frameworks */,
			);
			runOnlyForDeploymentPostprocessing = 0;
		};
/* End PBXFrameworksBuildPhase section */

/* Begin PBXGroup section */
		31D5D6AF164728CE008393C2 = {
			isa = PBXGroup;
			children = (
				31D5D6E116472969008393C2 /* Classes */,
				31D5D6F216472969008393C2 /* Resources */,
				31D5D6EA16472969008393C2 /* Other Sources */,
				31D5D6BD164728CE008393C2 /* Frameworks */,
				31D5D6BB164728CE008393C2 /* Products */,
			);
			sourceTree = "<group>";
		};
		31D5D6BB164728CE008393C2 /* Products */ = {
			isa = PBXGroup;
			children = (
				31D5D6BA164728CE008393C2 /* TapOut.app */,
			);
			name = Products;
			sourceTree = "<group>";
		};
		31D5D6BD164728CE008393C2 /* Frameworks */ = {
			isa = PBXGroup;
			children = (
				31F72AA0164E323600F623DF /* QuartzCore.framework */,
				31D5D6BE164728CE008393C2 /* UIKit.framework */,
				31D5D6C0164728CE008393C2 /* Foundation.framework */,
				31D5D6C2164728CE008393C2 /* CoreGraphics.framework */,
			);
			name = Frameworks;
			sourceTree = "<group>";
		};
		31D5D6E116472969008393C2 /* Classes */ = {
			isa = PBXGroup;
			children = (
				31D5D70116472A17008393C2 /* Memory.h */,
				31D5D70216472A17008393C2 /* Memory.m */,
				31D5D6E216472969008393C2 /* AppDelegate */,
				31D5D6E516472969008393C2 /* Controllers */,
			);
			name = Classes;
			path = TapOut/Classes;
			sourceTree = "<group>";
		};
		31D5D6E216472969008393C2 /* AppDelegate */ = {
			isa = PBXGroup;
			children = (
				31D5D6E316472969008393C2 /* AppDelegate.h */,
				31D5D6E416472969008393C2 /* AppDelegate.m */,
			);
			path = AppDelegate;
			sourceTree = "<group>";
		};
		31D5D6E516472969008393C2 /* Controllers */ = {
			isa = PBXGroup;
			children = (
				31D5D6E816472969008393C2 /* ViewController.h */,
				31D5D6E916472969008393C2 /* ViewController.m */,
				313D7BE41652B81C0084C9A4 /* ClassicViewController.h */,
				313D7BE51652B81C0084C9A4 /* ClassicViewController.m */,
				313D7BE61652B81C0084C9A4 /* SpeedViewController.h */,
				313D7BE71652B81C0084C9A4 /* SpeedViewController.m */,
			);
			path = Controllers;
			sourceTree = "<group>";
		};
		31D5D6EA16472969008393C2 /* Other Sources */ = {
			isa = PBXGroup;
			children = (
				31D5D6EB16472969008393C2 /* Default-568h@2x.png */,
				31D5D6EC16472969008393C2 /* Default.png */,
				31D5D6ED16472969008393C2 /* Default@2x.png */,
				31D5D6EE16472969008393C2 /* InfoPlist.strings */,
				31D5D6EF16472969008393C2 /* main.m */,
				31D5D6F016472969008393C2 /* TapOut-Info.plist */,
				31D5D6F116472969008393C2 /* TapOut-Prefix.pch */,
			);
			name = "Other Sources";
			path = "TapOut/Other Sources";
			sourceTree = "<group>";
		};
		31D5D6F216472969008393C2 /* Resources */ = {
			isa = PBXGroup;
			children = (
				31F72A7B164E156000F623DF /* Images */,
				31D5D6F316472969008393C2 /* XIBs */,
			);
			name = Resources;
			path = TapOut/Resources;
			sourceTree = "<group>";
		};
		31D5D6F316472969008393C2 /* XIBs */ = {
			isa = PBXGroup;
			children = (
				3121A45016497CD400F6E512 /* ViewController.xib */,
				313D7BEB1652B8310084C9A4 /* ClassicViewController.xib */,
				313D7BEC1652B8310084C9A4 /* SpeedViewController.xib */,
			);
			path = XIBs;
			sourceTree = "<group>";
		};
		31F72A7B164E156000F623DF /* Images */ = {
			isa = PBXGroup;
			children = (
				31F72A7C164E156000F623DF /* classic.png */,
				31F72A7D164E156000F623DF /* classicclick.png */,
				31F72A90164E275200F623DF /* red.png */,
				31F72A91164E275200F623DF /* redselect.png */,
				31F72A7E164E156000F623DF /* smarts.png */,
				31F72A8C164E267D00F623DF /* blue.png */,
				31F72A8D164E267D00F623DF /* blueselect.png */,
				31F72A94164E283C00F623DF /* green.png */,
				31F72A95164E283C00F623DF /* greenselect.png */,
				31F72A9C164E2BFD00F623DF /* yellow.png */,
				31F72A9D164E2BFD00F623DF /* yellowselect.png */,
				31F72A96164E283C00F623DF /* orange.png */,
				31F72A97164E283D00F623DF /* orangeselect.png */,
				31F72A8A164E178400F623DF /* tapout.png */,
				31F72A7F164E156000F623DF /* smartsclick.png */,
				31F72A80164E156000F623DF /* speed.png */,
				31F72A88164E15F300F623DF /* speedclick.png */,
				31F72A81164E156000F623DF /* speedclick.psd */,
			);
			path = Images;
			sourceTree = "<group>";
		};
/* End PBXGroup section */

/* Begin PBXNativeTarget section */
		31D5D6B9164728CE008393C2 /* TapOut */ = {
			isa = PBXNativeTarget;
			buildConfigurationList = 31D5D6DE164728CE008393C2 /* Build configuration list for PBXNativeTarget "TapOut" */;
			buildPhases = (
				31D5D6B6164728CE008393C2 /* Sources */,
				31D5D6B7164728CE008393C2 /* Frameworks */,
				31D5D6B8164728CE008393C2 /* Resources */,
			);
			buildRules = (
			);
			dependencies = (
			);
			name = TapOut;
			productName = TapOut;
			productReference = 31D5D6BA164728CE008393C2 /* TapOut.app */;
			productType = "com.apple.product-type.application";
		};
/* End PBXNativeTarget section */

/* Begin PBXProject section */
		31D5D6B1164728CE008393C2 /* Project object */ = {
			isa = PBXProject;
			attributes = {
				LastUpgradeCheck = 0450;
				ORGANIZATIONNAME = CSE483W;
			};
			buildConfigurationList = 31D5D6B4164728CE008393C2 /* Build configuration list for PBXProject "TapOut" */;
			compatibilityVersion = "Xcode 3.2";
			developmentRegion = English;
			hasScannedForEncodings = 0;
			knownRegions = (
				en,
			);
			mainGroup = 31D5D6AF164728CE008393C2;
			productRefGroup = 31D5D6BB164728CE008393C2 /* Products */;
			projectDirPath = "";
			projectRoot = "";
			targets = (
				31D5D6B9164728CE008393C2 /* TapOut */,
			);
		};
/* End PBXProject section */

/* Begin PBXResourcesBuildPhase section */
		31D5D6B8164728CE008393C2 /* Resources */ = {
			isa = PBXResourcesBuildPhase;
			buildActionMask = 2147483647;
			files = (
				31D5D6F816472969008393C2 /* Default-568h@2x.png in Resources */,
				31D5D6F916472969008393C2 /* Default.png in Resources */,
				31D5D6FA16472969008393C2 /* Default@2x.png in Resources */,
				31D5D6FB16472969008393C2 /* InfoPlist.strings in Resources */,
				3121A45116497CD400F6E512 /* ViewController.xib in Resources */,
				31F72A82164E156000F623DF /* classic.png in Resources */,
				31F72A83164E156000F623DF /* classicclick.png in Resources */,
				31F72A84164E156000F623DF /* smarts.png in Resources */,
				31F72A85164E156000F623DF /* smartsclick.png in Resources */,
				31F72A86164E156000F623DF /* speed.png in Resources */,
				31F72A87164E156000F623DF /* speedclick.psd in Resources */,
				31F72A89164E15F300F623DF /* speedclick.png in Resources */,
				31F72A8B164E178400F623DF /* tapout.png in Resources */,
				31F72A8E164E267D00F623DF /* blue.png in Resources */,
				31F72A8F164E267D00F623DF /* blueselect.png in Resources */,
				31F72A92164E275200F623DF /* red.png in Resources */,
				31F72A93164E275200F623DF /* redselect.png in Resources */,
				31F72A98164E283D00F623DF /* green.png in Resources */,
				31F72A99164E283D00F623DF /* greenselect.png in Resources */,
				31F72A9A164E283D00F623DF /* orange.png in Resources */,
				31F72A9B164E283D00F623DF /* orangeselect.png in Resources */,
				31F72A9E164E2BFD00F623DF /* yellow.png in Resources */,
				31F72A9F164E2BFD00F623DF /* yellowselect.png in Resources */,
				313D7BED1652B8310084C9A4 /* ClassicViewController.xib in Resources */,
				313D7BEE1652B8310084C9A4 /* SpeedViewController.xib in Resources */,
			);
			runOnlyForDeploymentPostprocessing = 0;
		};
/* End PBXResourcesBuildPhase section */

/* Begin PBXSourcesBuildPhase section */
		31D5D6B6164728CE008393C2 /* Sources */ = {
			isa = PBXSourcesBuildPhase;
			buildActionMask = 2147483647;
			files = (
				31D5D6F516472969008393C2 /* AppDelegate.m in Sources */,
				31D5D6F716472969008393C2 /* ViewController.m in Sources */,
				31D5D6FC16472969008393C2 /* main.m in Sources */,
				313D7BE81652B81C0084C9A4 /* ClassicViewController.m in Sources */,
				313D7BE91652B81C0084C9A4 /* SpeedViewController.m in Sources */,
			);
			runOnlyForDeploymentPostprocessing = 0;
		};
/* End PBXSourcesBuildPhase section */

/* Begin XCBuildConfiguration section */
		31D5D6DC164728CE008393C2 /* Debug */ = {
			isa = XCBuildConfiguration;
			buildSettings = {
				ALWAYS_SEARCH_USER_PATHS = NO;
				CLANG_CXX_LANGUAGE_STANDARD = "gnu++0x";
				CLANG_CXX_LIBRARY = "libc++";
				CLANG_ENABLE_OBJC_ARC = YES;
				CLANG_WARN_EMPTY_BODY = YES;
				CLANG_WARN__DUPLICATE_METHOD_MATCH = YES;
				"CODE_SIGN_IDENTITY[sdk=iphoneos*]" = "iPhone Developer";
				COPY_PHASE_STRIP = NO;
				GCC_C_LANGUAGE_STANDARD = gnu99;
				GCC_DYNAMIC_NO_PIC = NO;
				GCC_OPTIMIZATION_LEVEL = 0;
				GCC_PREPROCESSOR_DEFINITIONS = (
					"DEBUG=1",
					"$(inherited)",
				);
				GCC_SYMBOLS_PRIVATE_EXTERN = NO;
				GCC_WARN_ABOUT_RETURN_TYPE = YES;
				GCC_WARN_UNINITIALIZED_AUTOS = YES;
				GCC_WARN_UNUSED_VARIABLE = YES;
				IPHONEOS_DEPLOYMENT_TARGET = 6.0;
				ONLY_ACTIVE_ARCH = YES;
				SDKROOT = iphoneos;
			};
			name = Debug;
		};
		31D5D6DD164728CE008393C2 /* Release */ = {
			isa = XCBuildConfiguration;
			buildSettings = {
				ALWAYS_SEARCH_USER_PATHS = NO;
				CLANG_CXX_LANGUAGE_STANDARD = "gnu++0x";
				CLANG_CXX_LIBRARY = "libc++";
				CLANG_ENABLE_OBJC_ARC = YES;
				CLANG_WARN_EMPTY_BODY = YES;
				CLANG_WARN__DUPLICATE_METHOD_MATCH = YES;
				"CODE_SIGN_IDENTITY[sdk=iphoneos*]" = "iPhone Developer";
				COPY_PHASE_STRIP = YES;
				GCC_C_LANGUAGE_STANDARD = gnu99;
				GCC_WARN_ABOUT_RETURN_TYPE = YES;
				GCC_WARN_UNINITIALIZED_AUTOS = YES;
				GCC_WARN_UNUSED_VARIABLE = YES;
				IPHONEOS_DEPLOYMENT_TARGET = 6.0;
				OTHER_CFLAGS = "-DNS_BLOCK_ASSERTIONS=1";
				SDKROOT = iphoneos;
				VALIDATE_PRODUCT = YES;
			};
			name = Release;
		};
		31D5D6DF164728CE008393C2 /* Debug */ = {
			isa = XCBuildConfiguration;
			buildSettings = {
				GCC_PRECOMPILE_PREFIX_HEADER = YES;
				GCC_PREFIX_HEADER = "TapOut/Other Sources/TapOut-Prefix.pch";
				INFOPLIST_FILE = "TapOut/Other Sources/TapOut-Info.plist";
				PRODUCT_NAME = "$(TARGET_NAME)";
				WRAPPER_EXTENSION = app;
			};
			name = Debug;
		};
		31D5D6E0164728CE008393C2 /* Release */ = {
			isa = XCBuildConfiguration;
			buildSettings = {
				GCC_PRECOMPILE_PREFIX_HEADER = YES;
				GCC_PREFIX_HEADER = "TapOut/Other Sources/TapOut-Prefix.pch";
				INFOPLIST_FILE = "TapOut/Other Sources/TapOut-Info.plist";
				PRODUCT_NAME = "$(TARGET_NAME)";
				WRAPPER_EXTENSION = app;
			};
			name = Release;
		};
/* End XCBuildConfiguration section */

/* Begin XCConfigurationList section */
		31D5D6B4164728CE008393C2 /* Build configuration list for PBXProject "TapOut" */ = {
			isa = XCConfigurationList;
			buildConfigurations = (
				31D5D6DC164728CE008393C2 /* Debug */,
				31D5D6DD164728CE008393C2 /* Release */,
			);
			defaultConfigurationIsVisible = 0;
			defaultConfigurationName = Release;
		};
		31D5D6DE164728CE008393C2 /* Build configuration list for PBXNativeTarget "TapOut" */ = {
			isa = XCConfigurationList;
			buildConfigurations = (
				31D5D6DF164728CE008393C2 /* Debug */,
				31D5D6E0164728CE008393C2 /* Release */,
			);
			defaultConfigurationIsVisible = 0;
			defaultConfigurationName = Release;
		};
/* End XCConfigurationList section */
	};
	rootObject = 31D5D6B1164728CE008393C2 /* Project object */;
}
